// !$*UTF8*$!
{
	archiveVersion = 1;
	classes = {
	};
	objectVersion = 51;
	objects = {

/* Begin PBXBuildFile section */
		6F0579946F7C3188B70E0A29 /* Pods_RXCocoaProject.framework in Frameworks */ = {isa = PBXBuildFile; fileRef = 251230B6A0EEBD7A4E02A15E /* Pods_RXCocoaProject.framework */; };
		8BB128D526C69908006E1567 /* AppDelegate.swift in Sources */ = {isa = PBXBuildFile; fileRef = 8BB128D426C69908006E1567 /* AppDelegate.swift */; };
		8BB128D726C69908006E1567 /* SceneDelegate.swift in Sources */ = {isa = PBXBuildFile; fileRef = 8BB128D626C69908006E1567 /* SceneDelegate.swift */; };
		8BB128D926C69908006E1567 /* ViewController.swift in Sources */ = {isa = PBXBuildFile; fileRef = 8BB128D826C69908006E1567 /* ViewController.swift */; };
		8BB128DC26C69908006E1567 /* Main.storyboard in Resources */ = {isa = PBXBuildFile; fileRef = 8BB128DA26C69908006E1567 /* Main.storyboard */; };
		8BB128DE26C69909006E1567 /* Assets.xcassets in Resources */ = {isa = PBXBuildFile; fileRef = 8BB128DD26C69909006E1567 /* Assets.xcassets */; };
		8BB128E126C69909006E1567 /* LaunchScreen.storyboard in Resources */ = {isa = PBXBuildFile; fileRef = 8BB128DF26C69909006E1567 /* LaunchScreen.storyboard */; };
		8BB128E926C69CA5006E1567 /* Weather.swift in Sources */ = {isa = PBXBuildFile; fileRef = 8BB128E826C69CA5006E1567 /* Weather.swift */; };
		8BB128ED26C69F85006E1567 /* URLRequest+Extension.swift in Sources */ = {isa = PBXBuildFile; fileRef = 8BB128EC26C69F85006E1567 /* URLRequest+Extension.swift */; };
		8BB128EF26C6B0E5006E1567 /* URL+Extension.swift in Sources */ = {isa = PBXBuildFile; fileRef = 8BB128EE26C6B0E5006E1567 /* URL+Extension.swift */; };
/* End PBXBuildFile section */

/* Begin PBXFileReference section */
		251230B6A0EEBD7A4E02A15E /* Pods_RXCocoaProject.framework */ = {isa = PBXFileReference; explicitFileType = wrapper.framework; includeInIndex = 0; path = Pods_RXCocoaProject.framework; sourceTree = BUILT_PRODUCTS_DIR; };
		3BD12357CFCB69F5359E14E0 /* Pods-RXCocoaProject.debug.xcconfig */ = {isa = PBXFileReference; includeInIndex = 1; lastKnownFileType = text.xcconfig; name = "Pods-RXCocoaProject.debug.xcconfig"; path = "Target Support Files/Pods-RXCocoaProject/Pods-RXCocoaProject.debug.xcconfig"; sourceTree = "<group>"; };
		8BB128D126C69908006E1567 /* RXCocoaProject.app */ = {isa = PBXFileReference; explicitFileType = wrapper.application; includeInIndex = 0; path = RXCocoaProject.app; sourceTree = BUILT_PRODUCTS_DIR; };
		8BB128D426C69908006E1567 /* AppDelegate.swift */ = {isa = PBXFileReference; lastKnownFileType = sourcecode.swift; path = AppDelegate.swift; sourceTree = "<group>"; };
		8BB128D626C69908006E1567 /* SceneDelegate.swift */ = {isa = PBXFileReference; lastKnownFileType = sourcecode.swift; path = SceneDelegate.swift; sourceTree = "<group>"; };
		8BB128D826C69908006E1567 /* ViewController.swift */ = {isa = PBXFileReference; lastKnownFileType = sourcecode.swift; path = ViewController.swift; sourceTree = "<group>"; };
		8BB128DB26C69908006E1567 /* Base */ = {isa = PBXFileReference; lastKnownFileType = file.storyboard; name = Base; path = Base.lproj/Main.storyboard; sourceTree = "<group>"; };
		8BB128DD26C69909006E1567 /* Assets.xcassets */ = {isa = PBXFileReference; lastKnownFileType = folder.assetcatalog; path = Assets.xcassets; sourceTree = "<group>"; };
		8BB128E026C69909006E1567 /* Base */ = {isa = PBXFileReference; lastKnownFileType = file.storyboard; name = Base; path = Base.lproj/LaunchScreen.storyboard; sourceTree = "<group>"; };
		8BB128E226C69909006E1567 /* Info.plist */ = {isa = PBXFileReference; lastKnownFileType = text.plist.xml; path = Info.plist; sourceTree = "<group>"; };
		8BB128E826C69CA5006E1567 /* Weather.swift */ = {isa = PBXFileReference; lastKnownFileType = sourcecode.swift; path = Weather.swift; sourceTree = "<group>"; };
		8BB128EC26C69F85006E1567 /* URLRequest+Extension.swift */ = {isa = PBXFileReference; lastKnownFileType = sourcecode.swift; path = "URLRequest+Extension.swift"; sourceTree = "<group>"; };
		8BB128EE26C6B0E5006E1567 /* URL+Extension.swift */ = {isa = PBXFileReference; lastKnownFileType = sourcecode.swift; path = "URL+Extension.swift"; sourceTree = "<group>"; };
		94D68C1A09323CDDD110D402 /* Pods-RXCocoaProject.release.xcconfig */ = {isa = PBXFileReference; includeInIndex = 1; lastKnownFileType = text.xcconfig; name = "Pods-RXCocoaProject.release.xcconfig"; path = "Target Support Files/Pods-RXCocoaProject/Pods-RXCocoaProject.release.xcconfig"; sourceTree = "<group>"; };
/* End PBXFileReference section */

/* Begin PBXFrameworksBuildPhase section */
		8BB128CE26C69908006E1567 /* Frameworks */ = {
			isa = PBXFrameworksBuildPhase;
			buildActionMask = 2147483647;
			files = (
				6F0579946F7C3188B70E0A29 /* Pods_RXCocoaProject.framework in Frameworks */,
			);
			runOnlyForDeploymentPostprocessing = 0;
		};
/* End PBXFrameworksBuildPhase section */

/* Begin PBXGroup section */
		00EA8C5BD50C2EBAD681B5B4 /* Pods */ = {
			isa = PBXGroup;
			children = (
				3BD12357CFCB69F5359E14E0 /* Pods-RXCocoaProject.debug.xcconfig */,
				94D68C1A09323CDDD110D402 /* Pods-RXCocoaProject.release.xcconfig */,
			);
			path = Pods;
			sourceTree = "<group>";
		};
		39CE29A21AAFF9CAFC0BEB12 /* Frameworks */ = {
			isa = PBXGroup;
			children = (
				251230B6A0EEBD7A4E02A15E /* Pods_RXCocoaProject.framework */,
			);
			name = Frameworks;
			sourceTree = "<group>";
		};
		8BB128C826C69908006E1567 = {
			isa = PBXGroup;
			children = (
				8BB128D326C69908006E1567 /* RXCocoaProject */,
				8BB128D226C69908006E1567 /* Products */,
				00EA8C5BD50C2EBAD681B5B4 /* Pods */,
				39CE29A21AAFF9CAFC0BEB12 /* Frameworks */,
			);
			sourceTree = "<group>";
		};
		8BB128D226C69908006E1567 /* Products */ = {
			isa = PBXGroup;
			children = (
				8BB128D126C69908006E1567 /* RXCocoaProject.app */,
			);
			name = Products;
			sourceTree = "<group>";
		};
		8BB128D326C69908006E1567 /* RXCocoaProject */ = {
			isa = PBXGroup;
			children = (
				8BB128EB26C69F71006E1567 /* URLRequest+Extensions */,
				8BB128EA26C69CAA006E1567 /* Model */,
				8BB128D426C69908006E1567 /* AppDelegate.swift */,
				8BB128D626C69908006E1567 /* SceneDelegate.swift */,
				8BB128D826C69908006E1567 /* ViewController.swift */,
				8BB128DA26C69908006E1567 /* Main.storyboard */,
				8BB128DD26C69909006E1567 /* Assets.xcassets */,
				8BB128DF26C69909006E1567 /* LaunchScreen.storyboard */,
				8BB128E226C69909006E1567 /* Info.plist */,
			);
			path = RXCocoaProject;
			sourceTree = "<group>";
		};
		8BB128EA26C69CAA006E1567 /* Model */ = {
			isa = PBXGroup;
			children = (
				8BB128E826C69CA5006E1567 /* Weather.swift */,
			);
			path = Model;
			sourceTree = "<group>";
		};
		8BB128EB26C69F71006E1567 /* URLRequest+Extensions */ = {
			isa = PBXGroup;
			children = (
				8BB128EC26C69F85006E1567 /* URLRequest+Extension.swift */,
				8BB128EE26C6B0E5006E1567 /* URL+Extension.swift */,
			);
			path = "URLRequest+Extensions";
			sourceTree = "<group>";
		};
/* End PBXGroup section */

/* Begin PBXNativeTarget section */
		8BB128D026C69908006E1567 /* RXCocoaProject */ = {
			isa = PBXNativeTarget;
			buildConfigurationList = 8BB128E526C69909006E1567 /* Build configuration list for PBXNativeTarget "RXCocoaProject" */;
			buildPhases = (
				E1C25E5715F2D08CF1AFEAFB /* [CP] Check Pods Manifest.lock */,
				8BB128CD26C69908006E1567 /* Sources */,
				8BB128CE26C69908006E1567 /* Frameworks */,
				8BB128CF26C69908006E1567 /* Resources */,
				5559931F2C531D414C16EDBB /* [CP] Embed Pods Frameworks */,
			);
			buildRules = (
			);
			dependencies = (
			);
			name = RXCocoaProject;
			productName = RXCocoaProject;
			productReference = 8BB128D126C69908006E1567 /* RXCocoaProject.app */;
			productType = "com.apple.product-type.application";
		};
/* End PBXNativeTarget section */

/* Begin PBXProject section */
		8BB128C926C69908006E1567 /* Project object */ = {
			isa = PBXProject;
			attributes = {
				LastSwiftUpdateCheck = 1250;
				LastUpgradeCheck = 1250;
				TargetAttributes = {
					8BB128D026C69908006E1567 = {
						CreatedOnToolsVersion = 12.5.1;
					};
				};
			};
			buildConfigurationList = 8BB128CC26C69908006E1567 /* Build configuration list for PBXProject "RXCocoaProject" */;
			compatibilityVersion = "Xcode 9.3";
			developmentRegion = en;
			hasScannedForEncodings = 0;
			knownRegions = (
				en,
				Base,
			);
			mainGroup = 8BB128C826C69908006E1567;
			productRefGroup = 8BB128D226C69908006E1567 /* Products */;
			projectDirPath = "";
			projectRoot = "";
			targets = (
				8BB128D026C69908006E1567 /* RXCocoaProject */,
			);
		};
/* End PBXProject section */

/* Begin PBXResourcesBuildPhase section */
		8BB128CF26C69908006E1567 /* Resources */ = {
			isa = PBXResourcesBuildPhase;
			buildActionMask = 2147483647;
			files = (
				8BB128E126C69909006E1567 /* LaunchScreen.storyboard in Resources */,
				8BB128DE26C69909006E1567 /* Assets.xcassets in Resources */,
				8BB128DC26C69908006E1567 /* Main.storyboard in Resources */,
			);
			runOnlyForDeploymentPostprocessing = 0;
		};
/* End PBXResourcesBuildPhase section */

/* Begin PBXShellScriptBuildPhase section */
		5559931F2C531D414C16EDBB /* [CP] Embed Pods Frameworks */ = {
			isa = PBXShellScriptBuildPhase;
			buildActionMask = 2147483647;
			files = (
			);
			inputFileListPaths = (
				"${PODS_ROOT}/Target Support Files/Pods-RXCocoaProject/Pods-RXCocoaProject-frameworks-${CONFIGURATION}-input-files.xcfilelist",
			);
			name = "[CP] Embed Pods Frameworks";
			outputFileListPaths = (
				"${PODS_ROOT}/Target Support Files/Pods-RXCocoaProject/Pods-RXCocoaProject-frameworks-${CONFIGURATION}-output-files.xcfilelist",
			);
			runOnlyForDeploymentPostprocessing = 0;
			shellPath = /bin/sh;
			shellScript = "\"${PODS_ROOT}/Target Support Files/Pods-RXCocoaProject/Pods-RXCocoaProject-frameworks.sh\"\n";
			showEnvVarsInLog = 0;
		};
		E1C25E5715F2D08CF1AFEAFB /* [CP] Check Pods Manifest.lock */ = {
			isa = PBXShellScriptBuildPhase;
			buildActionMask = 2147483647;
			files = (
			);
			inputFileListPaths = (
			);
			inputPaths = (
				"${PODS_PODFILE_DIR_PATH}/Podfile.lock",
				"${PODS_ROOT}/Manifest.lock",
			);
			name = "[CP] Check Pods Manifest.lock";
			outputFileListPaths = (
			);
			outputPaths = (
				"$(DERIVED_FILE_DIR)/Pods-RXCocoaProject-checkManifestLockResult.txt",
			);
			runOnlyForDeploymentPostprocessing = 0;
			shellPath = /bin/sh;
			shellScript = "diff \"${PODS_PODFILE_DIR_PATH}/Podfile.lock\" \"${PODS_ROOT}/Manifest.lock\" > /dev/null\nif [ $? != 0 ] ; then\n    # print error to STDERR\n    echo \"error: The sandbox is not in sync with the Podfile.lock. Run 'pod install' or update your CocoaPods installation.\" >&2\n    exit 1\nfi\n# This output is used by Xcode 'outputs' to avoid re-running this script phase.\necho \"SUCCESS\" > \"${SCRIPT_OUTPUT_FILE_0}\"\n";
			showEnvVarsInLog = 0;
		};
/* End PBXShellScriptBuildPhase section */

/* Begin PBXSourcesBuildPhase section */
		8BB128CD26C69908006E1567 /* Sources */ = {
			isa = PBXSourcesBuildPhase;
			buildActionMask = 2147483647;
			files = (
				8BB128EF26C6B0E5006E1567 /* URL+Extension.swift in Sources */,
				8BB128ED26C69F85006E1567 /* URLRequest+Extension.swift in Sources */,
				8BB128E926C69CA5006E1567 /* Weather.swift in Sources */,
				8BB128D926C69908006E1567 /* ViewController.swift in Sources */,
				8BB128D526C69908006E1567 /* AppDelegate.swift in Sources */,
				8BB128D726C69908006E1567 /* SceneDelegate.swift in Sources */,
			);
			runOnlyForDeploymentPostprocessing = 0;
		};
/* End PBXSourcesBuildPhase section */

/* Begin PBXVariantGroup section */
		8BB128DA26C69908006E1567 /* Main.storyboard */ = {
			isa = PBXVariantGroup;
			children = (
				8BB128DB26C69908006E1567 /* Base */,
			);
			name = Main.storyboard;
			sourceTree = "<group>";
		};
		8BB128DF26C69909006E1567 /* LaunchScreen.storyboard */ = {
			isa = PBXVariantGroup;
			children = (
				8BB128E026C69909006E1567 /* Base */,
			);
			name = LaunchScreen.storyboard;
			sourceTree = "<group>";
		};
/* End PBXVariantGroup section */

/* Begin XCBuildConfiguration section */
		8BB128E326C69909006E1567 /* Debug */ = {
			isa = XCBuildConfiguration;
			buildSettings = {
				ALWAYS_SEARCH_USER_PATHS = NO;
				CLANG_ANALYZER_NONNULL = YES;
				CLANG_ANALYZER_NUMBER_OBJECT_CONVERSION = YES_AGGRESSIVE;
				CLANG_CXX_LANGUAGE_STANDARD = "gnu++14";
				CLANG_CXX_LIBRARY = "libc++";
				CLANG_ENABLE_MODULES = YES;
				CLANG_ENABLE_OBJC_ARC = YES;
				CLANG_ENABLE_OBJC_WEAK = YES;
				CLANG_WARN_BLOCK_CAPTURE_AUTORELEASING = YES;
				CLANG_WARN_BOOL_CONVERSION = YES;
				CLANG_WARN_COMMA = YES;
				CLANG_WARN_CONSTANT_CONVERSION = YES;
				CLANG_WARN_DEPRECATED_OBJC_IMPLEMENTATIONS = YES;
				CLANG_WARN_DIRECT_OBJC_ISA_USAGE = YES_ERROR;
				CLANG_WARN_DOCUMENTATION_COMMENTS = YES;
				CLANG_WARN_EMPTY_BODY = YES;
				CLANG_WARN_ENUM_CONVERSION = YES;
				CLANG_WARN_INFINITE_RECURSION = YES;
				CLANG_WARN_INT_CONVERSION = YES;
				CLANG_WARN_NON_LITERAL_NULL_CONVERSION = YES;
				CLANG_WARN_OBJC_IMPLICIT_RETAIN_SELF = YES;
				CLANG_WARN_OBJC_LITERAL_CONVERSION = YES;
				CLANG_WARN_OBJC_ROOT_CLASS = YES_ERROR;
				CLANG_WARN_QUOTED_INCLUDE_IN_FRAMEWORK_HEADER = YES;
				CLANG_WARN_RANGE_LOOP_ANALYSIS = YES;
				CLANG_WARN_STRICT_PROTOTYPES = YES;
				CLANG_WARN_SUSPICIOUS_MOVE = YES;
				CLANG_WARN_UNGUARDED_AVAILABILITY = YES_AGGRESSIVE;
				CLANG_WARN_UNREACHABLE_CODE = YES;
				CLANG_WARN__DUPLICATE_METHOD_MATCH = YES;
				COPY_PHASE_STRIP = NO;
				DEBUG_INFORMATION_FORMAT = dwarf;
				ENABLE_STRICT_OBJC_MSGSEND = YES;
				ENABLE_TESTABILITY = YES;
				GCC_C_LANGUAGE_STANDARD = gnu11;
				GCC_DYNAMIC_NO_PIC = NO;
				GCC_NO_COMMON_BLOCKS = YES;
				GCC_OPTIMIZATION_LEVEL = 0;
				GCC_PREPROCESSOR_DEFINITIONS = (
					"DEBUG=1",
					"$(inherited)",
				);
				GCC_WARN_64_TO_32_BIT_CONVERSION = YES;
				GCC_WARN_ABOUT_RETURN_TYPE = YES_ERROR;
				GCC_WARN_UNDECLARED_SELECTOR = YES;
				GCC_WARN_UNINITIALIZED_AUTOS = YES_AGGRESSIVE;
				GCC_WARN_UNUSED_FUNCTION = YES;
				GCC_WARN_UNUSED_VARIABLE = YES;
				IPHONEOS_DEPLOYMENT_TARGET = 14.5;
				MTL_ENABLE_DEBUG_INFO = INCLUDE_SOURCE;
				MTL_FAST_MATH = YES;
				ONLY_ACTIVE_ARCH = YES;
				SDKROOT = iphoneos;
				SWIFT_ACTIVE_COMPILATION_CONDITIONS = DEBUG;
				SWIFT_OPTIMIZATION_LEVEL = "-Onone";
			};
			name = Debug;
		};
		8BB128E426C69909006E1567 /* Release */ = {
			isa = XCBuildConfiguration;
			buildSettings = {
				ALWAYS_SEARCH_USER_PATHS = NO;
				CLANG_ANALYZER_NONNULL = YES;
				CLANG_ANALYZER_NUMBER_OBJECT_CONVERSION = YES_AGGRESSIVE;
				CLANG_CXX_LANGUAGE_STANDARD = "gnu++14";
				CLANG_CXX_LIBRARY = "libc++";
				CLANG_ENABLE_MODULES = YES;
				CLANG_ENABLE_OBJC_ARC = YES;
				CLANG_ENABLE_OBJC_WEAK = YES;
				CLANG_WARN_BLOCK_CAPTURE_AUTORELEASING = YES;
				CLANG_WARN_BOOL_CONVERSION = YES;
				CLANG_WARN_COMMA = YES;
				CLANG_WARN_CONSTANT_CONVERSION = YES;
				CLANG_WARN_DEPRECATED_OBJC_IMPLEMENTATIONS = YES;
				CLANG_WARN_DIRECT_OBJC_ISA_USAGE = YES_ERROR;
				CLANG_WARN_DOCUMENTATION_COMMENTS = YES;
				CLANG_WARN_EMPTY_BODY = YES;
				CLANG_WARN_ENUM_CONVERSION = YES;
				CLANG_WARN_INFINITE_RECURSION = YES;
				CLANG_WARN_INT_CONVERSION = YES;
				CLANG_WARN_NON_LITERAL_NULL_CONVERSION = YES;
				CLANG_WARN_OBJC_IMPLICIT_RETAIN_SELF = YES;
				CLANG_WARN_OBJC_LITERAL_CONVERSION = YES;
				CLANG_WARN_OBJC_ROOT_CLASS = YES_ERROR;
				CLANG_WARN_QUOTED_INCLUDE_IN_FRAMEWORK_HEADER = YES;
				CLANG_WARN_RANGE_LOOP_ANALYSIS = YES;
				CLANG_WARN_STRICT_PROTOTYPES = YES;
				CLANG_WARN_SUSPICIOUS_MOVE = YES;
				CLANG_WARN_UNGUARDED_AVAILABILITY = YES_AGGRESSIVE;
				CLANG_WARN_UNREACHABLE_CODE = YES;
				CLANG_WARN__DUPLICATE_METHOD_MATCH = YES;
				COPY_PHASE_STRIP = NO;
				DEBUG_INFORMATION_FORMAT = "dwarf-with-dsym";
				ENABLE_NS_ASSERTIONS = NO;
				ENABLE_STRICT_OBJC_MSGSEND = YES;
				GCC_C_LANGUAGE_STANDARD = gnu11;
				GCC_NO_COMMON_BLOCKS = YES;
				GCC_WARN_64_TO_32_BIT_CONVERSION = YES;
				GCC_WARN_ABOUT_RETURN_TYPE = YES_ERROR;
				GCC_WARN_UNDECLARED_SELECTOR = YES;
				GCC_WARN_UNINITIALIZED_AUTOS = YES_AGGRESSIVE;
				GCC_WARN_UNUSED_FUNCTION = YES;
				GCC_WARN_UNUSED_VARIABLE = YES;
				IPHONEOS_DEPLOYMENT_TARGET = 14.5;
				MTL_ENABLE_DEBUG_INFO = NO;
				MTL_FAST_MATH = YES;
				SDKROOT = iphoneos;
				SWIFT_COMPILATION_MODE = wholemodule;
				SWIFT_OPTIMIZATION_LEVEL = "-O";
				VALIDATE_PRODUCT = YES;
			};
			name = Release;
		};
		8BB128E626C69909006E1567 /* Debug */ = {
			isa = XCBuildConfiguration;
			baseConfigurationReference = 3BD12357CFCB69F5359E14E0 /* Pods-RXCocoaProject.debug.xcconfig */;
			buildSettings = {
				ASSETCATALOG_COMPILER_APPICON_NAME = AppIcon;
				ASSETCATALOG_COMPILER_GLOBAL_ACCENT_COLOR_NAME = AccentColor;
				CODE_SIGN_STYLE = Automatic;
				INFOPLIST_FILE = RXCocoaProject/Info.plist;
				LD_RUNPATH_SEARCH_PATHS = (
					"$(inherited)",
					"@executable_path/Frameworks",
				);
				PRODUCT_BUNDLE_IDENTIFIER = com.mvvm.RXCocoaProject;
				PRODUCT_NAME = "$(TARGET_NAME)";
				SWIFT_VERSION = 5.0;
				TARGETED_DEVICE_FAMILY = "1,2";
			};
			name = Debug;
		};
		8BB128E726C69909006E1567 /* Release */ = {
			isa = XCBuildConfiguration;
			baseConfigurationReference = 94D68C1A09323CDDD110D402 /* Pods-RXCocoaProject.release.xcconfig */;
			buildSettings = {
				ASSETCATALOG_COMPILER_APPICON_NAME = AppIcon;
				ASSETCATALOG_COMPILER_GLOBAL_ACCENT_COLOR_NAME = AccentColor;
				CODE_SIGN_STYLE = Automatic;
				INFOPLIST_FILE = RXCocoaProject/Info.plist;
				LD_RUNPATH_SEARCH_PATHS = (
					"$(inherited)",
					"@executable_path/Frameworks",
				);
				PRODUCT_BUNDLE_IDENTIFIER = com.mvvm.RXCocoaProject;
				PRODUCT_NAME = "$(TARGET_NAME)";
				SWIFT_VERSION = 5.0;
				TARGETED_DEVICE_FAMILY = "1,2";
			};
			name = Release;
		};
/* End XCBuildConfiguration section */

/* Begin XCConfigurationList section */
		8BB128CC26C69908006E1567 /* Build configuration list for PBXProject "RXCocoaProject" */ = {
			isa = XCConfigurationList;
			buildConfigurations = (
				8BB128E326C69909006E1567 /* Debug */,
				8BB128E426C69909006E1567 /* Release */,
			);
			defaultConfigurationIsVisible = 0;
			defaultConfigurationName = Release;
		};
		8BB128E526C69909006E1567 /* Build configuration list for PBXNativeTarget "RXCocoaProject" */ = {
			isa = XCConfigurationList;
			buildConfigurations = (
				8BB128E626C69909006E1567 /* Debug */,
				8BB128E726C69909006E1567 /* Release */,
			);
			defaultConfigurationIsVisible = 0;
			defaultConfigurationName = Release;
		};
/* End XCConfigurationList section */
	};
	rootObject = 8BB128C926C69908006E1567 /* Project object */;
}
